
Microsoft Visual Studio Solution File, Format Version 12.00
# Visual Studio 15
VisualStudioVersion = 15.0.28307.489
MinimumVisualStudioVersion = 10.0.40219.1
Project("{FAE04EC0-301F-11D3-BF4B-00C04F79EFBC}") = "MyFace.Domain", "MyFace.Domain\MyFace.Domain.csproj", "{430908B6-B259-4907-A44C-AF37661F4585}"
EndProject
Project("{FAE04EC0-301F-11D3-BF4B-00C04F79EFBC}") = "MyFace.BL", "MyFace.BL\MyFace.BL.csproj", "{689E2C87-C104-46C9-8892-0CDED8F6264E}"
EndProject
Project("{FAE04EC0-301F-11D3-BF4B-00C04F79EFBC}") = "MyFace.Data", "MyFace.Data\MyFace.Data.csproj", "{404D4CE1-D3C7-42D2-A58A-0DD3DD408A1D}"
EndProject
Project("{FAE04EC0-301F-11D3-BF4B-00C04F79EFBC}") = "MyFace.Test", "MyFace.Test\MyFace.Test.csproj", "{D502BB51-6209-4339-9319-4A86D253B2C9}"
EndProject
Project("{FAE04EC0-301F-11D3-BF4B-00C04F79EFBC}") = "MyFace.Common", "MyFace.Common\MyFace.Common.csproj", "{6282C271-8BFD-4291-9AF2-E8085BB9B98F}"
EndProject
Project("{FAE04EC0-301F-11D3-BF4B-00C04F79EFBC}") = "MyFace.WPF", "MyFace.WPF\MyFace.WPF.csproj", "{8A20AB1C-DD20-4D57-90CD-4B7D75774761}"
EndProject
Global
	GlobalSection(SolutionConfigurationPlatforms) = preSolution
		Debug|Any CPU = Debug|Any CPU
		Release|Any CPU = Release|Any CPU
	EndGlobalSection
	GlobalSection(ProjectConfigurationPlatforms) = postSolution
		{430908B6-B259-4907-A44C-AF37661F4585}.Debug|Any CPU.ActiveCfg = Debug|Any CPU
		{430908B6-B259-4907-A44C-AF37661F4585}.Debug|Any CPU.Build.0 = Debug|Any CPU
		{430908B6-B259-4907-A44C-AF37661F4585}.Release|Any CPU.ActiveCfg = Release|Any CPU
		{430908B6-B259-4907-A44C-AF37661F4585}.Release|Any CPU.Build.0 = Release|Any CPU
		{689E2C87-C104-46C9-8892-0CDED8F6264E}.Debug|Any CPU.ActiveCfg = Debug|Any CPU
		{689E2C87-C104-46C9-8892-0CDED8F6264E}.Debug|Any CPU.Build.0 = Debug|Any CPU
		{689E2C87-C104-46C9-8892-0CDED8F6264E}.Release|Any CPU.ActiveCfg = Release|Any CPU
		{689E2C87-C104-46C9-8892-0CDED8F6264E}.Release|Any CPU.Build.0 = Release|Any CPU
		{404D4CE1-D3C7-42D2-A58A-0DD3DD408A1D}.Debug|Any CPU.ActiveCfg = Debug|Any CPU
		{404D4CE1-D3C7-42D2-A58A-0DD3DD408A1D}.Debug|Any CPU.Build.0 = Debug|Any CPU
		{404D4CE1-D3C7-42D2-A58A-0DD3DD408A1D}.Release|Any CPU.ActiveCfg = Release|Any CPU
		{404D4CE1-D3C7-42D2-A58A-0DD3DD408A1D}.Release|Any CPU.Build.0 = Release|Any CPU
		{D502BB51-6209-4339-9319-4A86D253B2C9}.Debug|Any CPU.ActiveCfg = Debug|Any CPU
		{D502BB51-6209-4339-9319-4A86D253B2C9}.Debug|Any CPU.Build.0 = Debug|Any CPU
		{D502BB51-6209-4339-9319-4A86D253B2C9}.Release|Any CPU.ActiveCfg = Release|Any CPU
		{D502BB51-6209-4339-9319-4A86D253B2C9}.Release|Any CPU.Build.0 = Release|Any CPU
		{6282C271-8BFD-4291-9AF2-E8085BB9B98F}.Debug|Any CPU.ActiveCfg = Debug|Any CPU
		{6282C271-8BFD-4291-9AF2-E8085BB9B98F}.Debug|Any CPU.Build.0 = Debug|Any CPU
		{6282C271-8BFD-4291-9AF2-E8085BB9B98F}.Release|Any CPU.ActiveCfg = Release|Any CPU
		{6282C271-8BFD-4291-9AF2-E8085BB9B98F}.Release|Any CPU.Build.0 = Release|Any CPU
		{8A20AB1C-DD20-4D57-90CD-4B7D75774761}.Debug|Any CPU.ActiveCfg = Debug|Any CPU
		{8A20AB1C-DD20-4D57-90CD-4B7D75774761}.Debug|Any CPU.Build.0 = Debug|Any CPU
		{8A20AB1C-DD20-4D57-90CD-4B7D75774761}.Release|Any CPU.ActiveCfg = Release|Any CPU
		{8A20AB1C-DD20-4D57-90CD-4B7D75774761}.Release|Any CPU.Build.0 = Release|Any CPU
	EndGlobalSection
	GlobalSection(SolutionProperties) = preSolution
		HideSolutionNode = FALSE
	EndGlobalSection
	GlobalSection(ExtensibilityGlobals) = postSolution
		SolutionGuid = {6B5A9537-A86E-4B29-8672-7A1101942079}
	EndGlobalSection
EndGlobal
